
Microsoft Visual Studio Solution File, Format Version 11.00
# Visual Studio 2010
# SharpDevelop 4.4
Project("{FAE04EC0-301F-11D3-BF4B-00C04F79EFBC}") = "AplikasiPetshop", "AplikasiPetshop\AplikasiPetshop.csproj", "{F97429F4-E2F9-4EF1-89CA-7417DE2976DD}"
EndProject
Global
	GlobalSection(SolutionConfigurationPlatforms) = preSolution
		Debug|Any CPU = Debug|Any CPU
		Release|Any CPU = Release|Any CPU
	EndGlobalSection
	GlobalSection(ProjectConfigurationPlatforms) = postSolution
		{F97429F4-E2F9-4EF1-89CA-7417DE2976DD}.Debug|Any CPU.Build.0 = Debug|Any CPU
		{F97429F4-E2F9-4EF1-89CA-7417DE2976DD}.Debug|Any CPU.ActiveCfg = Debug|Any CPU
		{F97429F4-E2F9-4EF1-89CA-7417DE2976DD}.Release|Any CPU.Build.0 = Release|Any CPU
		{F97429F4-E2F9-4EF1-89CA-7417DE2976DD}.Release|Any CPU.ActiveCfg = Release|Any CPU
	EndGlobalSection
EndGlobal
